
Microsoft Visual Studio Solution File, Format Version 12.00
# Visual Studio Version 16
VisualStudioVersion = 16.0.30717.126
MinimumVisualStudioVersion = 10.0.40219.1
Project("{FAE04EC0-301F-11D3-BF4B-00C04F79EFBC}") = "MovieSite", "MovieSite\MovieSite.csproj", "{A92FDB1E-5D84-4A12-B670-520DF6F01916}"
EndProject
Global
	GlobalSection(SolutionConfigurationPlatforms) = preSolution
		Debug|Any CPU = Debug|Any CPU
		Release|Any CPU = Release|Any CPU
	EndGlobalSection
	GlobalSection(ProjectConfigurationPlatforms) = postSolution
		{A92FDB1E-5D84-4A12-B670-520DF6F01916}.Debug|Any CPU.ActiveCfg = Debug|Any CPU
		{A92FDB1E-5D84-4A12-B670-520DF6F01916}.Debug|Any CPU.Build.0 = Debug|Any CPU
		{A92FDB1E-5D84-4A12-B670-520DF6F01916}.Release|Any CPU.ActiveCfg = Release|Any CPU
		{A92FDB1E-5D84-4A12-B670-520DF6F01916}.Release|Any CPU.Build.0 = Release|Any CPU
	EndGlobalSection
	GlobalSection(SolutionProperties) = preSolution
		HideSolutionNode = FALSE
	EndGlobalSection
	GlobalSection(ExtensibilityGlobals) = postSolution
		SolutionGuid = {42A6209A-A590-4827-89C7-C5FE9E8E0B6E}
	EndGlobalSection
EndGlobal
